github.com/Nik-U/pbc v0.0.0-20150204070646-a525e9e72377 h1:S7ogSIf+07orSG1jHFYFQprp6SmNKr6PC15FcsD9CuI=
github.com/Nik-U/pbc v0.0.0-20150204070646-a525e9e72377/go.mod h1:Zt2U1SemYWNGXqS1fDiZC7u74nsJTAnWK5WVgvI8OAs=
github.com/ncw/gmp v0.0.0-20181220143725-22a058044a92 h1:LVrE7/hb6M0eErNtaTAPd3q0tKOOMBHBznCPWx+wYIM=
github.com/ncw/gmp v0.0.0-20181220143725-22a058044a92/go.mod h1:9KgVqQFm/0I9jDkwYqpVpvx0tpb2oTDDqZSKvcxEPmg=
